
Microsoft Visual Studio Solution File, Format Version 12.00
# Visual Studio Version 16
VisualStudioVersion = 16.0.30907.101
MinimumVisualStudioVersion = 10.0.40219.1
Project("{FAE04EC0-301F-11D3-BF4B-00C04F79EFBC}") = "GameProject", "GameProject\GameProject.csproj", "{A5241C53-A63B-47DA-BC44-8FBE0CE8ACD8}"
EndProject
Global
	GlobalSection(SolutionConfigurationPlatforms) = preSolution
		Debug|Any CPU = Debug|Any CPU
		Release|Any CPU = Release|Any CPU
	EndGlobalSection
	GlobalSection(ProjectConfigurationPlatforms) = postSolution
		{A5241C53-A63B-47DA-BC44-8FBE0CE8ACD8}.Debug|Any CPU.ActiveCfg = Debug|Any CPU
		{A5241C53-A63B-47DA-BC44-8FBE0CE8ACD8}.Debug|Any CPU.Build.0 = Debug|Any CPU
		{A5241C53-A63B-47DA-BC44-8FBE0CE8ACD8}.Release|Any CPU.ActiveCfg = Release|Any CPU
		{A5241C53-A63B-47DA-BC44-8FBE0CE8ACD8}.Release|Any CPU.Build.0 = Release|Any CPU
	EndGlobalSection
	GlobalSection(SolutionProperties) = preSolution
		HideSolutionNode = FALSE
	EndGlobalSection
	GlobalSection(ExtensibilityGlobals) = postSolution
		SolutionGuid = {085D0B38-FCB7-44C6-AF28-B7F36D1EACF4}
	EndGlobalSection
EndGlobal
